
Microsoft Visual Studio Solution File, Format Version 12.00
# Visual Studio Version 17
VisualStudioVersion = 17.0.31903.59
MinimumVisualStudioVersion = 10.0.40219.1
Project("{2150E333-8FDC-42A3-9474-1A3956D46DE8}") = "sdk", "sdk", "{FF13A09E-0E72-1904-124B-A4E979EF28D3}"
EndProject
Project("{FAE04EC0-301F-11D3-BF4B-00C04F79EFBC}") = "VertexCache.Sdk", "sdk\VertexCache.Sdk.csproj", "{83216AC3-B036-4670-A282-BDAAA0869356}"
EndProject
Project("{FAE04EC0-301F-11D3-BF4B-00C04F79EFBC}") = "VertexCache.Client", "client\VertexCache.Client.csproj", "{32264DD0-9F02-44AE-A652-E11D4296378C}"
EndProject
Project("{2150E333-8FDC-42A3-9474-1A3956D46DE8}") = "tests", "tests", "{0AB3BF05-4346-4AA6-1389-037BE0695223}"
EndProject
Project("{FAE04EC0-301F-11D3-BF4B-00C04F79EFBC}") = "VertexCache.Tests", "tests\VertexCache.Tests.csproj", "{27178F17-3228-4816-B3ED-2ABE6C1A1B50}"
EndProject
Global
	GlobalSection(SolutionConfigurationPlatforms) = preSolution
		Debug|Any CPU = Debug|Any CPU
		Debug|x64 = Debug|x64
		Debug|x86 = Debug|x86
		Release|Any CPU = Release|Any CPU
		Release|x64 = Release|x64
		Release|x86 = Release|x86
	EndGlobalSection
	GlobalSection(ProjectConfigurationPlatforms) = postSolution
		{83216AC3-B036-4670-A282-BDAAA0869356}.Debug|Any CPU.ActiveCfg = Debug|Any CPU
		{83216AC3-B036-4670-A282-BDAAA0869356}.Debug|Any CPU.Build.0 = Debug|Any CPU
		{83216AC3-B036-4670-A282-BDAAA0869356}.Debug|x64.ActiveCfg = Debug|Any CPU
		{83216AC3-B036-4670-A282-BDAAA0869356}.Debug|x64.Build.0 = Debug|Any CPU
		{83216AC3-B036-4670-A282-BDAAA0869356}.Debug|x86.ActiveCfg = Debug|Any CPU
		{83216AC3-B036-4670-A282-BDAAA0869356}.Debug|x86.Build.0 = Debug|Any CPU
		{83216AC3-B036-4670-A282-BDAAA0869356}.Release|Any CPU.ActiveCfg = Release|Any CPU
		{83216AC3-B036-4670-A282-BDAAA0869356}.Release|Any CPU.Build.0 = Release|Any CPU
		{83216AC3-B036-4670-A282-BDAAA0869356}.Release|x64.ActiveCfg = Release|Any CPU
		{83216AC3-B036-4670-A282-BDAAA0869356}.Release|x64.Build.0 = Release|Any CPU
		{83216AC3-B036-4670-A282-BDAAA0869356}.Release|x86.ActiveCfg = Release|Any CPU
		{83216AC3-B036-4670-A282-BDAAA0869356}.Release|x86.Build.0 = Release|Any CPU
		{32264DD0-9F02-44AE-A652-E11D4296378C}.Debug|Any CPU.ActiveCfg = Debug|Any CPU
		{32264DD0-9F02-44AE-A652-E11D4296378C}.Debug|Any CPU.Build.0 = Debug|Any CPU
		{32264DD0-9F02-44AE-A652-E11D4296378C}.Debug|x64.ActiveCfg = Debug|Any CPU
		{32264DD0-9F02-44AE-A652-E11D4296378C}.Debug|x64.Build.0 = Debug|Any CPU
		{32264DD0-9F02-44AE-A652-E11D4296378C}.Debug|x86.ActiveCfg = Debug|Any CPU
		{32264DD0-9F02-44AE-A652-E11D4296378C}.Debug|x86.Build.0 = Debug|Any CPU
		{32264DD0-9F02-44AE-A652-E11D4296378C}.Release|Any CPU.ActiveCfg = Release|Any CPU
		{32264DD0-9F02-44AE-A652-E11D4296378C}.Release|Any CPU.Build.0 = Release|Any CPU
		{32264DD0-9F02-44AE-A652-E11D4296378C}.Release|x64.ActiveCfg = Release|Any CPU
		{32264DD0-9F02-44AE-A652-E11D4296378C}.Release|x64.Build.0 = Release|Any CPU
		{32264DD0-9F02-44AE-A652-E11D4296378C}.Release|x86.ActiveCfg = Release|Any CPU
		{32264DD0-9F02-44AE-A652-E11D4296378C}.Release|x86.Build.0 = Release|Any CPU
		{27178F17-3228-4816-B3ED-2ABE6C1A1B50}.Debug|Any CPU.ActiveCfg = Debug|Any CPU
		{27178F17-3228-4816-B3ED-2ABE6C1A1B50}.Debug|Any CPU.Build.0 = Debug|Any CPU
		{27178F17-3228-4816-B3ED-2ABE6C1A1B50}.Debug|x64.ActiveCfg = Debug|Any CPU
		{27178F17-3228-4816-B3ED-2ABE6C1A1B50}.Debug|x64.Build.0 = Debug|Any CPU
		{27178F17-3228-4816-B3ED-2ABE6C1A1B50}.Debug|x86.ActiveCfg = Debug|Any CPU
		{27178F17-3228-4816-B3ED-2ABE6C1A1B50}.Debug|x86.Build.0 = Debug|Any CPU
		{27178F17-3228-4816-B3ED-2ABE6C1A1B50}.Release|Any CPU.ActiveCfg = Release|Any CPU
		{27178F17-3228-4816-B3ED-2ABE6C1A1B50}.Release|Any CPU.Build.0 = Release|Any CPU
		{27178F17-3228-4816-B3ED-2ABE6C1A1B50}.Release|x64.ActiveCfg = Release|Any CPU
		{27178F17-3228-4816-B3ED-2ABE6C1A1B50}.Release|x64.Build.0 = Release|Any CPU
		{27178F17-3228-4816-B3ED-2ABE6C1A1B50}.Release|x86.ActiveCfg = Release|Any CPU
		{27178F17-3228-4816-B3ED-2ABE6C1A1B50}.Release|x86.Build.0 = Release|Any CPU
	EndGlobalSection
	GlobalSection(SolutionProperties) = preSolution
		HideSolutionNode = FALSE
	EndGlobalSection
	GlobalSection(NestedProjects) = preSolution
		{83216AC3-B036-4670-A282-BDAAA0869356} = {FF13A09E-0E72-1904-124B-A4E979EF28D3}
		{32264DD0-9F02-44AE-A652-E11D4296378C} = {FF13A09E-0E72-1904-124B-A4E979EF28D3}
		{27178F17-3228-4816-B3ED-2ABE6C1A1B50} = {0AB3BF05-4346-4AA6-1389-037BE0695223}
	EndGlobalSection
EndGlobal
